
Microsoft Visual Studio Solution File, Format Version 12.00
# Visual Studio Version 16
VisualStudioVersion = 16.0.30413.136
MinimumVisualStudioVersion = 10.0.40219.1
Project("{9A19103F-16F7-4668-BE54-9A1E7A4F7556}") = "DependencyInjectionContainer", "DependencyInjectionContainer\DependencyInjectionContainer.csproj", "{1297AAD6-1868-4C91-9B3B-A9DD396B36DA}"
EndProject
Project("{9A19103F-16F7-4668-BE54-9A1E7A4F7556}") = "ConsoleTest", "ConsoleTest\ConsoleTest.csproj", "{52CC13A2-DE60-4BB8-9F46-91B45F673CD0}"
EndProject
Project("{FAE04EC0-301F-11D3-BF4B-00C04F79EFBC}") = "MSTest_DependencyInjectionContainer", "MSTest_DependencyInjectionContainer\MSTest_DependencyInjectionContainer.csproj", "{06D38673-2062-4088-92D2-23F587D28D9F}"
EndProject
Global
	GlobalSection(SolutionConfigurationPlatforms) = preSolution
		Debug|Any CPU = Debug|Any CPU
		Release|Any CPU = Release|Any CPU
	EndGlobalSection
	GlobalSection(ProjectConfigurationPlatforms) = postSolution
		{1297AAD6-1868-4C91-9B3B-A9DD396B36DA}.Debug|Any CPU.ActiveCfg = Debug|Any CPU
		{1297AAD6-1868-4C91-9B3B-A9DD396B36DA}.Debug|Any CPU.Build.0 = Debug|Any CPU
		{1297AAD6-1868-4C91-9B3B-A9DD396B36DA}.Release|Any CPU.ActiveCfg = Release|Any CPU
		{1297AAD6-1868-4C91-9B3B-A9DD396B36DA}.Release|Any CPU.Build.0 = Release|Any CPU
		{52CC13A2-DE60-4BB8-9F46-91B45F673CD0}.Debug|Any CPU.ActiveCfg = Debug|Any CPU
		{52CC13A2-DE60-4BB8-9F46-91B45F673CD0}.Debug|Any CPU.Build.0 = Debug|Any CPU
		{52CC13A2-DE60-4BB8-9F46-91B45F673CD0}.Release|Any CPU.ActiveCfg = Release|Any CPU
		{52CC13A2-DE60-4BB8-9F46-91B45F673CD0}.Release|Any CPU.Build.0 = Release|Any CPU
		{06D38673-2062-4088-92D2-23F587D28D9F}.Debug|Any CPU.ActiveCfg = Debug|Any CPU
		{06D38673-2062-4088-92D2-23F587D28D9F}.Debug|Any CPU.Build.0 = Debug|Any CPU
		{06D38673-2062-4088-92D2-23F587D28D9F}.Release|Any CPU.ActiveCfg = Release|Any CPU
		{06D38673-2062-4088-92D2-23F587D28D9F}.Release|Any CPU.Build.0 = Release|Any CPU
	EndGlobalSection
	GlobalSection(SolutionProperties) = preSolution
		HideSolutionNode = FALSE
	EndGlobalSection
	GlobalSection(ExtensibilityGlobals) = postSolution
		SolutionGuid = {62079A0C-A58D-464D-998F-9148887EAE49}
	EndGlobalSection
EndGlobal
